
Microsoft Visual Studio Solution File, Format Version 12.00
# Visual Studio Version 17
VisualStudioVersion = 17.2.32630.192
MinimumVisualStudioVersion = 10.0.40219.1
Project("{FAE04EC0-301F-11D3-BF4B-00C04F79EFBC}") = "V2_Server", "V2_Server\V2_Server.csproj", "{16D82824-76FE-4864-A47F-38AD190ADAC2}"
EndProject
Project("{FAE04EC0-301F-11D3-BF4B-00C04F79EFBC}") = "V2_FivePD_Plugin", "V2_FivePD_Plugin\V2_FivePD_Plugin.csproj", "{EEFD5204-177E-4911-AB8A-222A79A0B10F}"
EndProject
Global
	GlobalSection(SolutionConfigurationPlatforms) = preSolution
		Debug|Any CPU = Debug|Any CPU
		Release|Any CPU = Release|Any CPU
	EndGlobalSection
	GlobalSection(ProjectConfigurationPlatforms) = postSolution
		{16D82824-76FE-4864-A47F-38AD190ADAC2}.Debug|Any CPU.ActiveCfg = Debug|Any CPU
		{16D82824-76FE-4864-A47F-38AD190ADAC2}.Debug|Any CPU.Build.0 = Debug|Any CPU
		{16D82824-76FE-4864-A47F-38AD190ADAC2}.Release|Any CPU.ActiveCfg = Release|Any CPU
		{16D82824-76FE-4864-A47F-38AD190ADAC2}.Release|Any CPU.Build.0 = Release|Any CPU
		{EEFD5204-177E-4911-AB8A-222A79A0B10F}.Debug|Any CPU.ActiveCfg = Debug|Any CPU
		{EEFD5204-177E-4911-AB8A-222A79A0B10F}.Debug|Any CPU.Build.0 = Debug|Any CPU
		{EEFD5204-177E-4911-AB8A-222A79A0B10F}.Release|Any CPU.ActiveCfg = Release|Any CPU
		{EEFD5204-177E-4911-AB8A-222A79A0B10F}.Release|Any CPU.Build.0 = Release|Any CPU
	EndGlobalSection
	GlobalSection(SolutionProperties) = preSolution
		HideSolutionNode = FALSE
	EndGlobalSection
	GlobalSection(ExtensibilityGlobals) = postSolution
		SolutionGuid = {93CF6B9F-53B3-495C-98D2-E2E2F4A68402}
	EndGlobalSection
EndGlobal
